
Microsoft Visual Studio Solution File, Format Version 12.00
# Visual Studio Version 17
VisualStudioVersion = 17.11.35222.181
MinimumVisualStudioVersion = 10.0.40219.1
Project("{9A19103F-16F7-4668-BE54-9A1E7A4F7556}") = "Finder", "src\ExportSqlServer\Finder.csproj", "{1F25F9E1-F942-4566-A978-9FDB38B8435D}"
EndProject
Project("{9A19103F-16F7-4668-BE54-9A1E7A4F7556}") = "SqlServerToPostgres", "src\SqlServerToPostgres\SqlServerToPostgres.csproj", "{D01BE307-42BB-42BC-991D-46B27930EB4E}"
EndProject
Project("{9A19103F-16F7-4668-BE54-9A1E7A4F7556}") = "Migration.PostgresDb", "src\Migration.PostgresDb\Migration.PostgresDb.csproj", "{D5745A9E-9D18-49BD-8C60-B1D336234BD4}"
EndProject
Project("{9A19103F-16F7-4668-BE54-9A1E7A4F7556}") = "Migration.SqlServer", "Migration.SqlServer\Migration.SqlServer.csproj", "{47D1C620-F92B-42D5-B6C8-2921F2390AF6}"
EndProject
Global
	GlobalSection(SolutionConfigurationPlatforms) = preSolution
		Debug|Any CPU = Debug|Any CPU
		Release|Any CPU = Release|Any CPU
	EndGlobalSection
	GlobalSection(ProjectConfigurationPlatforms) = postSolution
		{1F25F9E1-F942-4566-A978-9FDB38B8435D}.Debug|Any CPU.ActiveCfg = Debug|Any CPU
		{1F25F9E1-F942-4566-A978-9FDB38B8435D}.Debug|Any CPU.Build.0 = Debug|Any CPU
		{1F25F9E1-F942-4566-A978-9FDB38B8435D}.Release|Any CPU.ActiveCfg = Release|Any CPU
		{1F25F9E1-F942-4566-A978-9FDB38B8435D}.Release|Any CPU.Build.0 = Release|Any CPU
		{D01BE307-42BB-42BC-991D-46B27930EB4E}.Debug|Any CPU.ActiveCfg = Debug|Any CPU
		{D01BE307-42BB-42BC-991D-46B27930EB4E}.Debug|Any CPU.Build.0 = Debug|Any CPU
		{D01BE307-42BB-42BC-991D-46B27930EB4E}.Release|Any CPU.ActiveCfg = Release|Any CPU
		{D01BE307-42BB-42BC-991D-46B27930EB4E}.Release|Any CPU.Build.0 = Release|Any CPU
		{D5745A9E-9D18-49BD-8C60-B1D336234BD4}.Debug|Any CPU.ActiveCfg = Debug|Any CPU
		{D5745A9E-9D18-49BD-8C60-B1D336234BD4}.Debug|Any CPU.Build.0 = Debug|Any CPU
		{D5745A9E-9D18-49BD-8C60-B1D336234BD4}.Release|Any CPU.ActiveCfg = Release|Any CPU
		{D5745A9E-9D18-49BD-8C60-B1D336234BD4}.Release|Any CPU.Build.0 = Release|Any CPU
		{47D1C620-F92B-42D5-B6C8-2921F2390AF6}.Debug|Any CPU.ActiveCfg = Debug|Any CPU
		{47D1C620-F92B-42D5-B6C8-2921F2390AF6}.Debug|Any CPU.Build.0 = Debug|Any CPU
		{47D1C620-F92B-42D5-B6C8-2921F2390AF6}.Release|Any CPU.ActiveCfg = Release|Any CPU
		{47D1C620-F92B-42D5-B6C8-2921F2390AF6}.Release|Any CPU.Build.0 = Release|Any CPU
	EndGlobalSection
	GlobalSection(SolutionProperties) = preSolution
		HideSolutionNode = FALSE
	EndGlobalSection
	GlobalSection(ExtensibilityGlobals) = postSolution
		SolutionGuid = {62636498-A472-4D9E-8ECF-3067E633E389}
	EndGlobalSection
EndGlobal
