
Microsoft Visual Studio Solution File, Format Version 12.00
# Visual Studio Version 17
VisualStudioVersion = 17.11.35222.181
MinimumVisualStudioVersion = 10.0.40219.1
Project("{9A19103F-16F7-4668-BE54-9A1E7A4F7556}") = "Finder", "src\ExportSqlServer\Finder.csproj", "{1F25F9E1-F942-4566-A978-9FDB38B8435D}"
EndProject
Project("{9A19103F-16F7-4668-BE54-9A1E7A4F7556}") = "SqlServerToPostgres", "src\SqlServerToPostgres\SqlServerToPostgres.csproj", "{D01BE307-42BB-42BC-991D-46B27930EB4E}"
EndProject
Project("{2150E333-8FDC-42A3-9474-1A3956D46DE8}") = "Solution Items", "Solution Items", "{FCE204B4-A8C7-45D0-848D-59963360DBAA}"
	ProjectSection(SolutionItems) = preProject
		.editorconfig = .editorconfig
		global.json = global.json
	EndProjectSection
EndProject
Global
	GlobalSection(SolutionConfigurationPlatforms) = preSolution
		Debug|Any CPU = Debug|Any CPU
		Release|Any CPU = Release|Any CPU
	EndGlobalSection
	GlobalSection(ProjectConfigurationPlatforms) = postSolution
		{1F25F9E1-F942-4566-A978-9FDB38B8435D}.Debug|Any CPU.ActiveCfg = Debug|Any CPU
		{1F25F9E1-F942-4566-A978-9FDB38B8435D}.Debug|Any CPU.Build.0 = Debug|Any CPU
		{1F25F9E1-F942-4566-A978-9FDB38B8435D}.Release|Any CPU.ActiveCfg = Release|Any CPU
		{1F25F9E1-F942-4566-A978-9FDB38B8435D}.Release|Any CPU.Build.0 = Release|Any CPU
		{D01BE307-42BB-42BC-991D-46B27930EB4E}.Debug|Any CPU.ActiveCfg = Debug|Any CPU
		{D01BE307-42BB-42BC-991D-46B27930EB4E}.Debug|Any CPU.Build.0 = Debug|Any CPU
		{D01BE307-42BB-42BC-991D-46B27930EB4E}.Release|Any CPU.ActiveCfg = Release|Any CPU
		{D01BE307-42BB-42BC-991D-46B27930EB4E}.Release|Any CPU.Build.0 = Release|Any CPU
	EndGlobalSection
	GlobalSection(SolutionProperties) = preSolution
		HideSolutionNode = FALSE
	EndGlobalSection
	GlobalSection(ExtensibilityGlobals) = postSolution
		SolutionGuid = {62636498-A472-4D9E-8ECF-3067E633E389}
	EndGlobalSection
EndGlobal
